
Microsoft Visual Studio Solution File, Format Version 12.00
# Visual Studio Version 16
VisualStudioVersion = 16.0.30413.136
MinimumVisualStudioVersion = 10.0.40219.1
Project("{FAE04EC0-301F-11D3-BF4B-00C04F79EFBC}") = "xbfdump", "xbfdump.csproj", "{4A711D64-3C6F-4C97-B3DB-E8B09757B15C}"
EndProject
Global
	GlobalSection(SolutionConfigurationPlatforms) = preSolution
		Debug|Any CPU = Debug|Any CPU
		Release|Any CPU = Release|Any CPU
	EndGlobalSection
	GlobalSection(ProjectConfigurationPlatforms) = postSolution
		{4A711D64-3C6F-4C97-B3DB-E8B09757B15C}.Debug|Any CPU.ActiveCfg = Debug|Any CPU
		{4A711D64-3C6F-4C97-B3DB-E8B09757B15C}.Debug|Any CPU.Build.0 = Debug|Any CPU
		{4A711D64-3C6F-4C97-B3DB-E8B09757B15C}.Release|Any CPU.ActiveCfg = Release|Any CPU
		{4A711D64-3C6F-4C97-B3DB-E8B09757B15C}.Release|Any CPU.Build.0 = Release|Any CPU
	EndGlobalSection
	GlobalSection(SolutionProperties) = preSolution
		HideSolutionNode = FALSE
	EndGlobalSection
	GlobalSection(ExtensibilityGlobals) = postSolution
		SolutionGuid = {4EC2035C-5395-44A8-A9BA-8E81C3D697C3}
	EndGlobalSection
EndGlobal
